
Microsoft Visual Studio Solution File, Format Version 12.00
# Visual Studio Version 17
VisualStudioVersion = 17.6.33829.357
MinimumVisualStudioVersion = 10.0.40219.1
Project("{FAE04EC0-301F-11D3-BF4B-00C04F79EFBC}") = "SpartaTextRPG2", "SpartaTextRPG2\SpartaTextRPG2.csproj", "{1E009FF4-EA86-4502-8A6B-DC9FEB6E4207}"
EndProject
Global
	GlobalSection(SolutionConfigurationPlatforms) = preSolution
		Debug|Any CPU = Debug|Any CPU
		Release|Any CPU = Release|Any CPU
	EndGlobalSection
	GlobalSection(ProjectConfigurationPlatforms) = postSolution
		{1E009FF4-EA86-4502-8A6B-DC9FEB6E4207}.Debug|Any CPU.ActiveCfg = Debug|Any CPU
		{1E009FF4-EA86-4502-8A6B-DC9FEB6E4207}.Debug|Any CPU.Build.0 = Debug|Any CPU
		{1E009FF4-EA86-4502-8A6B-DC9FEB6E4207}.Release|Any CPU.ActiveCfg = Release|Any CPU
		{1E009FF4-EA86-4502-8A6B-DC9FEB6E4207}.Release|Any CPU.Build.0 = Release|Any CPU
	EndGlobalSection
	GlobalSection(SolutionProperties) = preSolution
		HideSolutionNode = FALSE
	EndGlobalSection
	GlobalSection(ExtensibilityGlobals) = postSolution
		SolutionGuid = {EE922BF3-9878-4298-B6DD-039CECF122EA}
	EndGlobalSection
EndGlobal
